
Microsoft Visual Studio Solution File, Format Version 12.00
# Visual Studio Version 17
VisualStudioVersion = 17.11.35312.102
MinimumVisualStudioVersion = 10.0.40219.1
Project("{FAE04EC0-301F-11D3-BF4B-00C04F79EFBC}") = "MCSO - Central Tablet Log", "MCSO - Central Tablet Log\MCSO - Central Tablet Log.csproj", "{48A89693-FFDD-4752-9402-119D263CC179}"
EndProject
Global
	GlobalSection(SolutionConfigurationPlatforms) = preSolution
		Debug|Any CPU = Debug|Any CPU
		Release|Any CPU = Release|Any CPU
	EndGlobalSection
	GlobalSection(ProjectConfigurationPlatforms) = postSolution
		{48A89693-FFDD-4752-9402-119D263CC179}.Debug|Any CPU.ActiveCfg = Debug|Any CPU
		{48A89693-FFDD-4752-9402-119D263CC179}.Debug|Any CPU.Build.0 = Debug|Any CPU
		{48A89693-FFDD-4752-9402-119D263CC179}.Release|Any CPU.ActiveCfg = Release|Any CPU
		{48A89693-FFDD-4752-9402-119D263CC179}.Release|Any CPU.Build.0 = Release|Any CPU
	EndGlobalSection
	GlobalSection(SolutionProperties) = preSolution
		HideSolutionNode = FALSE
	EndGlobalSection
	GlobalSection(ExtensibilityGlobals) = postSolution
		SolutionGuid = {6C8401CC-C085-48FE-B5F7-F20EF9B21479}
	EndGlobalSection
EndGlobal
